
Microsoft Visual Studio Solution File, Format Version 12.00
# Visual Studio Version 16
VisualStudioVersion = 16.0.32106.194
MinimumVisualStudioVersion = 10.0.40219.1
Project("{FAE04EC0-301F-11D3-BF4B-00C04F79EFBC}") = "FriendlyRobotHelper", "FriendlyRobotHelper.csproj", "{EDF436A6-6F78-4F09-A2F4-1E8D630B7A84}"
EndProject
Global
	GlobalSection(SolutionConfigurationPlatforms) = preSolution
		Debug|Any CPU = Debug|Any CPU
		Release|Any CPU = Release|Any CPU
	EndGlobalSection
	GlobalSection(ProjectConfigurationPlatforms) = postSolution
		{EDF436A6-6F78-4F09-A2F4-1E8D630B7A84}.Debug|Any CPU.ActiveCfg = Debug|Any CPU
		{EDF436A6-6F78-4F09-A2F4-1E8D630B7A84}.Debug|Any CPU.Build.0 = Debug|Any CPU
		{EDF436A6-6F78-4F09-A2F4-1E8D630B7A84}.Release|Any CPU.ActiveCfg = Release|Any CPU
		{EDF436A6-6F78-4F09-A2F4-1E8D630B7A84}.Release|Any CPU.Build.0 = Release|Any CPU
	EndGlobalSection
	GlobalSection(SolutionProperties) = preSolution
		HideSolutionNode = FALSE
	EndGlobalSection
	GlobalSection(ExtensibilityGlobals) = postSolution
		SolutionGuid = {44DC317E-BA11-44F6-BE41-33BE724C6E7E}
	EndGlobalSection
EndGlobal
