
Microsoft Visual Studio Solution File, Format Version 12.00
# Visual Studio Version 17
VisualStudioVersion = 17.0.32112.339
MinimumVisualStudioVersion = 10.0.40219.1
Project("{FAE04EC0-301F-11D3-BF4B-00C04F79EFBC}") = "ListMoviesConstructors", "ListMoviesConstructors.csproj", "{04704EC8-3FFE-430B-9B4D-BCBC6C959133}"
EndProject
Global
	GlobalSection(SolutionConfigurationPlatforms) = preSolution
		Debug|Any CPU = Debug|Any CPU
		Release|Any CPU = Release|Any CPU
	EndGlobalSection
	GlobalSection(ProjectConfigurationPlatforms) = postSolution
		{04704EC8-3FFE-430B-9B4D-BCBC6C959133}.Debug|Any CPU.ActiveCfg = Debug|Any CPU
		{04704EC8-3FFE-430B-9B4D-BCBC6C959133}.Debug|Any CPU.Build.0 = Debug|Any CPU
		{04704EC8-3FFE-430B-9B4D-BCBC6C959133}.Release|Any CPU.ActiveCfg = Release|Any CPU
		{04704EC8-3FFE-430B-9B4D-BCBC6C959133}.Release|Any CPU.Build.0 = Release|Any CPU
	EndGlobalSection
	GlobalSection(SolutionProperties) = preSolution
		HideSolutionNode = FALSE
	EndGlobalSection
	GlobalSection(ExtensibilityGlobals) = postSolution
		SolutionGuid = {91A0745C-B570-4C80-839A-7298109A76F0}
	EndGlobalSection
EndGlobal
